# This file is automatically @generated by Cargo.
# It is not intended for manual editing.
version = 4

[[package]]
name = "easycon-controller"
version = "0.1.0"
dependencies = [
 "easycon-model",
 "easycon-runtime",
]

[[package]]
name = "easycon-model"
version = "0.1.0"

[[package]]
name = "easycon-runtime"
version = "0.1.0"
dependencies = [
 "easycon-model",
]
